
Microsoft Visual Studio Solution File, Format Version 12.00
# Visual Studio Version 17
VisualStudioVersion = 17.4.33103.184
MinimumVisualStudioVersion = 10.0.40219.1
Project("{FAE04EC0-301F-11D3-BF4B-00C04F79EFBC}") = "AdventOfCode", "AdventOfCode\AdventOfCode.csproj", "{28E7D37C-D1C4-45A3-BE8C-A14C3180CC70}"
EndProject
Project("{FAE04EC0-301F-11D3-BF4B-00C04F79EFBC}") = "AdventOfCode.Tests", "AdventOfCode.Tests\AdventOfCode.Tests.csproj", "{4A03A2A8-97C1-406B-BAEA-41E46F47459A}"
EndProject
Global
	GlobalSection(SolutionConfigurationPlatforms) = preSolution
		Debug|Any CPU = Debug|Any CPU
		Release|Any CPU = Release|Any CPU
	EndGlobalSection
	GlobalSection(ProjectConfigurationPlatforms) = postSolution
		{28E7D37C-D1C4-45A3-BE8C-A14C3180CC70}.Debug|Any CPU.ActiveCfg = Debug|Any CPU
		{28E7D37C-D1C4-45A3-BE8C-A14C3180CC70}.Debug|Any CPU.Build.0 = Debug|Any CPU
		{28E7D37C-D1C4-45A3-BE8C-A14C3180CC70}.Release|Any CPU.ActiveCfg = Release|Any CPU
		{28E7D37C-D1C4-45A3-BE8C-A14C3180CC70}.Release|Any CPU.Build.0 = Release|Any CPU
		{4A03A2A8-97C1-406B-BAEA-41E46F47459A}.Debug|Any CPU.ActiveCfg = Debug|Any CPU
		{4A03A2A8-97C1-406B-BAEA-41E46F47459A}.Debug|Any CPU.Build.0 = Debug|Any CPU
		{4A03A2A8-97C1-406B-BAEA-41E46F47459A}.Release|Any CPU.ActiveCfg = Release|Any CPU
		{4A03A2A8-97C1-406B-BAEA-41E46F47459A}.Release|Any CPU.Build.0 = Release|Any CPU
	EndGlobalSection
	GlobalSection(SolutionProperties) = preSolution
		HideSolutionNode = FALSE
	EndGlobalSection
	GlobalSection(ExtensibilityGlobals) = postSolution
		SolutionGuid = {4D3A8810-00C3-4379-9872-68A2DD1C8013}
	EndGlobalSection
EndGlobal
